{
  "name": "pam-browser-worker",
  "lockfileVersion": 3,
  "requires": true,
  "packages": {
    "": {
      "name": "pam-browser-worker",
      "dependencies": {
        "playwright-core": "1.43.1"
      }
    },
    "node_modules/playwright-core": {
      "version": "1.43.1",
      "resolved": "https://registry.npmjs.org/playwright-core/-/playwright-core-1.43.1.tgz",
      "integrity": "sha512-EI36Mto2Vrx6VF7rm708qSnesVQKbxEWvPrfA1IPY6HgczBplDx7ENtx+K2n4kJ41sLLkuGfmb0ZLSSXlDhqPg==",
      "license": "Apache-2.0",
      "bin": {
        "playwright-core": "cli.js"
      },
      "engines": {
        "node": ">=16"
      }
    }
  }
}
